{
  "name": "javasripts",
  "version": "1.0.0",
  "lockfileVersion": 3,
  "requires": true,
  "packages": {
    "": {
      "name": "javasripts",
      "version": "1.0.0",
      "dependencies": {
        "hexlet-basics": "^1.0.0"
      }
    },
    "node_modules/hexlet-basics": {
      "version": "1.0.0",
      "resolved": "https://registry.npmjs.org/hexlet-basics/-/hexlet-basics-1.0.0.tgz",
      "integrity": "sha512-JZ2Z/bspRrMYlveXHUDE2Vh+dwzGOcdxOvto/u+zLWd+JT5YUe+xi0MPH1GDpvGt/aoHpoXe3eisO5Klt+eiLw=="
    }
  }
}
